
Microsoft Visual Studio Solution File, Format Version 12.00
# Visual Studio 2015
Project("{FAE04EC0-301F-11D3-BF4B-00C04F79EFBC}") = "Fight", "Fight.csproj", "{BE50EF6B-00C7-2C3E-D18F-D24B140798B3}"
EndProject
Project("{FAE04EC0-301F-11D3-BF4B-00C04F79EFBC}") = "Fight.Editor", "Fight.Editor.csproj", "{A6B5EDE0-D65A-25AA-3DE9-21CF63EB2107}"
EndProject
Global
	GlobalSection(SolutionConfigurationPlatforms) = preSolution
		Debug|Any CPU = Debug|Any CPU
		Release|Any CPU = Release|Any CPU
	EndGlobalSection
	GlobalSection(ProjectConfigurationPlatforms) = postSolution
		{BE50EF6B-00C7-2C3E-D18F-D24B140798B3}.Debug|Any CPU.ActiveCfg = Debug|Any CPU
		{BE50EF6B-00C7-2C3E-D18F-D24B140798B3}.Debug|Any CPU.Build.0 = Debug|Any CPU
		{BE50EF6B-00C7-2C3E-D18F-D24B140798B3}.Release|Any CPU.ActiveCfg = Release|Any CPU
		{BE50EF6B-00C7-2C3E-D18F-D24B140798B3}.Release|Any CPU.Build.0 = Release|Any CPU
		{A6B5EDE0-D65A-25AA-3DE9-21CF63EB2107}.Debug|Any CPU.ActiveCfg = Debug|Any CPU
		{A6B5EDE0-D65A-25AA-3DE9-21CF63EB2107}.Debug|Any CPU.Build.0 = Debug|Any CPU
		{A6B5EDE0-D65A-25AA-3DE9-21CF63EB2107}.Release|Any CPU.ActiveCfg = Release|Any CPU
		{A6B5EDE0-D65A-25AA-3DE9-21CF63EB2107}.Release|Any CPU.Build.0 = Release|Any CPU
	EndGlobalSection
	GlobalSection(SolutionProperties) = preSolution
		HideSolutionNode = FALSE
	EndGlobalSection
EndGlobal
